
Microsoft Visual Studio Solution File, Format Version 12.00
# Visual Studio Version 17
VisualStudioVersion = 17.0.31903.59
MinimumVisualStudioVersion = 10.0.40219.1
Project("{FAE04EC0-301F-11D3-BF4B-00C04F79EFBC}") = "LeoWebApi", "LeoWebApi\LeoWebApi.csproj", "{A7B82576-7632-4B6C-A44D-3A4EC7ED646D}"
EndProject
Project("{FAE04EC0-301F-11D3-BF4B-00C04F79EFBC}") = "LeoWebApi.Core", "LeoWebApi.Core\LeoWebApi.Core.csproj", "{0A6F012B-53B9-4F6D-A3B0-221A26BD7622}"
EndProject
Project("{FAE04EC0-301F-11D3-BF4B-00C04F79EFBC}") = "LeoWebApi.Persistence", "LeoWebApi.Persistence\LeoWebApi.Persistence.csproj", "{41CBC39B-66C6-4FE6-9B72-0F26B47D02F7}"
EndProject
Project("{FAE04EC0-301F-11D3-BF4B-00C04F79EFBC}") = "LeoWebApi.Test", "LeoWebApi.Test\LeoWebApi.Test.csproj", "{4010CABB-6D1E-4D22-AEE1-CA86C754D691}"
EndProject
Project("{FAE04EC0-301F-11D3-BF4B-00C04F79EFBC}") = "LeoWebApi.TestInt", "LeoWebApi.TestInt\LeoWebApi.TestInt.csproj", "{70818D10-4396-4F74-BA0E-878DE72A63E9}"
EndProject
Project("{2150E333-8FDC-42A3-9474-1A3956D46DE8}") = "SolutionItems", "SolutionItems", "{8A78771F-F009-4B77-8FB2-B95C0EBDF69D}"
	ProjectSection(SolutionItems) = preProject
		Directory.Build.props = Directory.Build.props
		.github\workflows\build_on_push.yml = .github\workflows\build_on_push.yml
		ManageMigration.ps1 = ManageMigration.ps1
	EndProjectSection
EndProject
Project("{FAE04EC0-301F-11D3-BF4B-00C04F79EFBC}") = "LeoWebApi.Shared", "LeoWebApi.Shared\LeoWebApi.Shared.csproj", "{698AF90E-3F40-4CE0-8D68-1FE3E5B3AEAE}"
EndProject
Global
	GlobalSection(SolutionConfigurationPlatforms) = preSolution
		Debug|Any CPU = Debug|Any CPU
		Release|Any CPU = Release|Any CPU
	EndGlobalSection
	GlobalSection(SolutionProperties) = preSolution
		HideSolutionNode = FALSE
	EndGlobalSection
	GlobalSection(ProjectConfigurationPlatforms) = postSolution
		{A7B82576-7632-4B6C-A44D-3A4EC7ED646D}.Debug|Any CPU.ActiveCfg = Debug|Any CPU
		{A7B82576-7632-4B6C-A44D-3A4EC7ED646D}.Debug|Any CPU.Build.0 = Debug|Any CPU
		{A7B82576-7632-4B6C-A44D-3A4EC7ED646D}.Release|Any CPU.ActiveCfg = Release|Any CPU
		{A7B82576-7632-4B6C-A44D-3A4EC7ED646D}.Release|Any CPU.Build.0 = Release|Any CPU
		{0A6F012B-53B9-4F6D-A3B0-221A26BD7622}.Debug|Any CPU.ActiveCfg = Debug|Any CPU
		{0A6F012B-53B9-4F6D-A3B0-221A26BD7622}.Debug|Any CPU.Build.0 = Debug|Any CPU
		{0A6F012B-53B9-4F6D-A3B0-221A26BD7622}.Release|Any CPU.ActiveCfg = Release|Any CPU
		{0A6F012B-53B9-4F6D-A3B0-221A26BD7622}.Release|Any CPU.Build.0 = Release|Any CPU
		{41CBC39B-66C6-4FE6-9B72-0F26B47D02F7}.Debug|Any CPU.ActiveCfg = Debug|Any CPU
		{41CBC39B-66C6-4FE6-9B72-0F26B47D02F7}.Debug|Any CPU.Build.0 = Debug|Any CPU
		{41CBC39B-66C6-4FE6-9B72-0F26B47D02F7}.Release|Any CPU.ActiveCfg = Release|Any CPU
		{41CBC39B-66C6-4FE6-9B72-0F26B47D02F7}.Release|Any CPU.Build.0 = Release|Any CPU
		{4010CABB-6D1E-4D22-AEE1-CA86C754D691}.Debug|Any CPU.ActiveCfg = Debug|Any CPU
		{4010CABB-6D1E-4D22-AEE1-CA86C754D691}.Debug|Any CPU.Build.0 = Debug|Any CPU
		{4010CABB-6D1E-4D22-AEE1-CA86C754D691}.Release|Any CPU.ActiveCfg = Release|Any CPU
		{4010CABB-6D1E-4D22-AEE1-CA86C754D691}.Release|Any CPU.Build.0 = Release|Any CPU
		{70818D10-4396-4F74-BA0E-878DE72A63E9}.Debug|Any CPU.ActiveCfg = Debug|Any CPU
		{70818D10-4396-4F74-BA0E-878DE72A63E9}.Debug|Any CPU.Build.0 = Debug|Any CPU
		{70818D10-4396-4F74-BA0E-878DE72A63E9}.Release|Any CPU.ActiveCfg = Release|Any CPU
		{70818D10-4396-4F74-BA0E-878DE72A63E9}.Release|Any CPU.Build.0 = Release|Any CPU
		{698AF90E-3F40-4CE0-8D68-1FE3E5B3AEAE}.Debug|Any CPU.ActiveCfg = Debug|Any CPU
		{698AF90E-3F40-4CE0-8D68-1FE3E5B3AEAE}.Debug|Any CPU.Build.0 = Debug|Any CPU
		{698AF90E-3F40-4CE0-8D68-1FE3E5B3AEAE}.Release|Any CPU.ActiveCfg = Release|Any CPU
		{698AF90E-3F40-4CE0-8D68-1FE3E5B3AEAE}.Release|Any CPU.Build.0 = Release|Any CPU
	EndGlobalSection
EndGlobal
